
Microsoft Visual Studio Solution File, Format Version 12.00
# Visual Studio Version 16
VisualStudioVersion = 16.0.32106.194
MinimumVisualStudioVersion = 10.0.40219.1
Project("{888888A0-9F3D-457C-B088-3A5042F75D52}") = "Iz9,2,4", "Iz9,2,4.pyproj", "{932784F9-C3B8-4040-A11F-09A14F773395}"
EndProject
Global
	GlobalSection(SolutionConfigurationPlatforms) = preSolution
		Debug|Any CPU = Debug|Any CPU
		Release|Any CPU = Release|Any CPU
	EndGlobalSection
	GlobalSection(ProjectConfigurationPlatforms) = postSolution
		{932784F9-C3B8-4040-A11F-09A14F773395}.Debug|Any CPU.ActiveCfg = Debug|Any CPU
		{932784F9-C3B8-4040-A11F-09A14F773395}.Release|Any CPU.ActiveCfg = Release|Any CPU
	EndGlobalSection
	GlobalSection(SolutionProperties) = preSolution
		HideSolutionNode = FALSE
	EndGlobalSection
	GlobalSection(ExtensibilityGlobals) = postSolution
		SolutionGuid = {B5AD7429-E47C-41B2-B5D3-790509A1D31A}
	EndGlobalSection
EndGlobal
