
Microsoft Visual Studio Solution File, Format Version 12.00
# Visual Studio Version 16
VisualStudioVersion = 16.0.31911.196
MinimumVisualStudioVersion = 10.0.40219.1
Project("{FAE04EC0-301F-11D3-BF4B-00C04F79EFBC}") = "Dz1,3", "Dz1,3.csproj", "{1613E8C0-590C-4C2E-9269-F8F129F11BEE}"
EndProject
Global
	GlobalSection(SolutionConfigurationPlatforms) = preSolution
		Debug|Any CPU = Debug|Any CPU
		Release|Any CPU = Release|Any CPU
	EndGlobalSection
	GlobalSection(ProjectConfigurationPlatforms) = postSolution
		{1613E8C0-590C-4C2E-9269-F8F129F11BEE}.Debug|Any CPU.ActiveCfg = Debug|Any CPU
		{1613E8C0-590C-4C2E-9269-F8F129F11BEE}.Debug|Any CPU.Build.0 = Debug|Any CPU
		{1613E8C0-590C-4C2E-9269-F8F129F11BEE}.Release|Any CPU.ActiveCfg = Release|Any CPU
		{1613E8C0-590C-4C2E-9269-F8F129F11BEE}.Release|Any CPU.Build.0 = Release|Any CPU
	EndGlobalSection
	GlobalSection(SolutionProperties) = preSolution
		HideSolutionNode = FALSE
	EndGlobalSection
	GlobalSection(ExtensibilityGlobals) = postSolution
		SolutionGuid = {F3A9CBBF-EC48-4E07-A5C0-E07436BB5E8E}
	EndGlobalSection
EndGlobal
