
Microsoft Visual Studio Solution File, Format Version 12.00
# Visual Studio Version 16
VisualStudioVersion = 16.0.31911.196
MinimumVisualStudioVersion = 10.0.40219.1
Project("{FAE04EC0-301F-11D3-BF4B-00C04F79EFBC}") = "Dz1,1", "Dz1,1.csproj", "{8513C5E8-812A-44AD-BB9C-9DA71110719B}"
EndProject
Project("{FAE04EC0-301F-11D3-BF4B-00C04F79EFBC}") = "Dz1,2", "..\Dz1,2\Dz1,2.csproj", "{B8D7A31D-6123-42EF-BFDF-CB7AB6E9C2D4}"
EndProject
Global
	GlobalSection(SolutionConfigurationPlatforms) = preSolution
		Debug|Any CPU = Debug|Any CPU
		Release|Any CPU = Release|Any CPU
	EndGlobalSection
	GlobalSection(ProjectConfigurationPlatforms) = postSolution
		{8513C5E8-812A-44AD-BB9C-9DA71110719B}.Debug|Any CPU.ActiveCfg = Debug|Any CPU
		{8513C5E8-812A-44AD-BB9C-9DA71110719B}.Debug|Any CPU.Build.0 = Debug|Any CPU
		{8513C5E8-812A-44AD-BB9C-9DA71110719B}.Release|Any CPU.ActiveCfg = Release|Any CPU
		{8513C5E8-812A-44AD-BB9C-9DA71110719B}.Release|Any CPU.Build.0 = Release|Any CPU
		{B8D7A31D-6123-42EF-BFDF-CB7AB6E9C2D4}.Debug|Any CPU.ActiveCfg = Debug|Any CPU
		{B8D7A31D-6123-42EF-BFDF-CB7AB6E9C2D4}.Debug|Any CPU.Build.0 = Debug|Any CPU
		{B8D7A31D-6123-42EF-BFDF-CB7AB6E9C2D4}.Release|Any CPU.ActiveCfg = Release|Any CPU
		{B8D7A31D-6123-42EF-BFDF-CB7AB6E9C2D4}.Release|Any CPU.Build.0 = Release|Any CPU
	EndGlobalSection
	GlobalSection(SolutionProperties) = preSolution
		HideSolutionNode = FALSE
	EndGlobalSection
	GlobalSection(ExtensibilityGlobals) = postSolution
		SolutionGuid = {FEF45C74-A6C4-44B9-84FE-E6E73C85D784}
	EndGlobalSection
EndGlobal
